
Microsoft Visual Studio Solution File, Format Version 12.00
# Visual Studio Version 16
VisualStudioVersion = 16.0.30804.86
MinimumVisualStudioVersion = 10.0.40219.1
Project("{FAE04EC0-301F-11D3-BF4B-00C04F79EFBC}") = "XmlParserTest", "XmlParserTest\XmlParserTest.csproj", "{98CE0036-7AEC-4A87-81A7-ED1BA2DF2BE6}"
EndProject
Global
	GlobalSection(SolutionConfigurationPlatforms) = preSolution
		Debug|Any CPU = Debug|Any CPU
		Release|Any CPU = Release|Any CPU
	EndGlobalSection
	GlobalSection(ProjectConfigurationPlatforms) = postSolution
		{98CE0036-7AEC-4A87-81A7-ED1BA2DF2BE6}.Debug|Any CPU.ActiveCfg = Debug|Any CPU
		{98CE0036-7AEC-4A87-81A7-ED1BA2DF2BE6}.Debug|Any CPU.Build.0 = Debug|Any CPU
		{98CE0036-7AEC-4A87-81A7-ED1BA2DF2BE6}.Release|Any CPU.ActiveCfg = Release|Any CPU
		{98CE0036-7AEC-4A87-81A7-ED1BA2DF2BE6}.Release|Any CPU.Build.0 = Release|Any CPU
	EndGlobalSection
	GlobalSection(SolutionProperties) = preSolution
		HideSolutionNode = FALSE
	EndGlobalSection
	GlobalSection(ExtensibilityGlobals) = postSolution
		SolutionGuid = {A62F7215-B0AE-4719-89F3-050620820CCC}
	EndGlobalSection
EndGlobal
